
Microsoft Visual Studio Solution File, Format Version 12.00
# Visual Studio Version 18
VisualStudioVersion = 18.2.11408.102 d18.0
MinimumVisualStudioVersion = 10.0.40219.1
Project("{9A19103F-16F7-4668-BE54-9A1E7A4F7556}") = "ProfileTests", "Profiles\ProfileTests\ProfileTests.csproj", "{86D261B4-B15C-4F44-B655-CE127B7CC3C0}"
EndProject
Project("{2150E333-8FDC-42A3-9474-1A3956D46DE8}") = "Profiles", "Profiles", "{E72A2D9E-E13F-4107-84B3-AC9509A7CD4F}"
EndProject
Project("{2150E333-8FDC-42A3-9474-1A3956D46DE8}") = "Stages", "Stages", "{708B3E31-DA6C-4788-A289-69299F3D932C}"
EndProject
Project("{2150E333-8FDC-42A3-9474-1A3956D46DE8}") = "Countries", "Countries", "{04BC1F3C-2D3D-4C8B-9273-4E535E6D23D4}"
EndProject
Project("{9A19103F-16F7-4668-BE54-9A1E7A4F7556}") = "CountryTests", "Countries\CountryTests\CountryTests.csproj", "{8A80AC3E-0929-4BF9-A7EF-E2FD0DA72A86}"
EndProject
Project("{9A19103F-16F7-4668-BE54-9A1E7A4F7556}") = "StageTests", "Stages\StageTests\StageTests.csproj", "{C34E02ED-A859-4C3E-AE58-65CE9E7A74F3}"
EndProject
Project("{9A19103F-16F7-4668-BE54-9A1E7A4F7556}") = "CountryGenerator", "Countries\CountryGenerator\CountryGenerator.csproj", "{9AC636D1-1C22-4F39-8605-5BEC53807F25}"
EndProject
Project("{9A19103F-16F7-4668-BE54-9A1E7A4F7556}") = "CatalogueGenerator", "Profiles\CatalogueGenerator\CatalogueGenerator.csproj", "{F308F504-E1AD-42CA-ACA4-9BDEC3FF3106}"
EndProject
Project("{2150E333-8FDC-42A3-9474-1A3956D46DE8}") = "Standards", "Standards", "{865990BE-4B50-49AC-8BEE-254E799070BC}"
EndProject
Project("{9A19103F-16F7-4668-BE54-9A1E7A4F7556}") = "StandardTests", "Standards\StandardTests\StandardTests.csproj", "{36737F9F-F975-454C-BA8F-3854514C324A}"
EndProject
Project("{2150E333-8FDC-42A3-9474-1A3956D46DE8}") = "Materials", "Materials", "{6F8C841C-0951-4088-9A87-AE1B669D5CE8}"
EndProject
Project("{9A19103F-16F7-4668-BE54-9A1E7A4F7556}") = "MaterialTests", "Materials\MaterialTests\MaterialTests.csproj", "{AB60261A-3E89-4B5C-B8A4-B255CD364090}"
EndProject
Project("{2150E333-8FDC-42A3-9474-1A3956D46DE8}") = "Sections", "Sections", "{69DBCCB8-FF7F-42B8-952C-8D4F09B0C4C4}"
EndProject
Project("{9A19103F-16F7-4668-BE54-9A1E7A4F7556}") = "SectionTests", "Sections\SectionTests\SectionTests.csproj", "{1091E92F-A6F3-4B4F-939D-F2377B5D243D}"
EndProject
Project("{2150E333-8FDC-42A3-9474-1A3956D46DE8}") = "Loads", "Loads", "{41A2BC38-4EBB-4B17-A305-46BEEB81FE1C}"
EndProject
Project("{9A19103F-16F7-4668-BE54-9A1E7A4F7556}") = "LoadTests", "Loads\LoadTests\LoadTests.csproj", "{D9EF311B-6C73-4EA3-9F87-63D660C24CEE}"
EndProject
Project("{2150E333-8FDC-42A3-9474-1A3956D46DE8}") = "Serialization", "Serialization", "{6F979E7E-D8EE-4CFD-A0AB-54BA8A9EBE5A}"
EndProject
Project("{FAE04EC0-301F-11D3-BF4B-00C04F79EFBC}") = "VividOrange.Countries", "Countries\Countries\VividOrange.Countries.csproj", "{4BCB36B2-758E-7305-02BA-3B31811E30F5}"
EndProject
Project("{FAE04EC0-301F-11D3-BF4B-00C04F79EFBC}") = "VividOrange.Cases", "Loads\Cases\VividOrange.Cases.csproj", "{BF35F105-DA32-09AE-6F91-33467C762A64}"
EndProject
Project("{FAE04EC0-301F-11D3-BF4B-00C04F79EFBC}") = "VividOrange.ICases", "Loads\ICases\VividOrange.ICases.csproj", "{B553CB5C-8C6D-9ACB-2395-6B5DF2366DA5}"
EndProject
Project("{FAE04EC0-301F-11D3-BF4B-00C04F79EFBC}") = "VividOrange.ILoads", "Loads\ILoads\VividOrange.ILoads.csproj", "{D5A3B1A5-E2DE-A493-E58A-6D502C192BD9}"
EndProject
Project("{FAE04EC0-301F-11D3-BF4B-00C04F79EFBC}") = "VividOrange.Loads", "Loads\Loads\VividOrange.Loads.csproj", "{68580F1A-CFD7-7903-84DF-29B0D411D45D}"
EndProject
Project("{FAE04EC0-301F-11D3-BF4B-00C04F79EFBC}") = "VividOrange.IMaterials", "Materials\IMaterials\VividOrange.IMaterials.csproj", "{B4FC4BB6-A561-FEC0-B728-5DADA9291FC5}"
EndProject
Project("{FAE04EC0-301F-11D3-BF4B-00C04F79EFBC}") = "VividOrange.Materials", "Materials\Materials\VividOrange.Materials.csproj", "{509FBEF0-7091-2337-2499-0B1EA2E9E8BA}"
EndProject
Project("{FAE04EC0-301F-11D3-BF4B-00C04F79EFBC}") = "VividOrange.Profiles.Catalogue", "Profiles\CatalogueProfiles\VividOrange.Profiles.Catalogue.csproj", "{1B1FDE39-ECD6-71DE-DA24-037F67657AE2}"
EndProject
Project("{FAE04EC0-301F-11D3-BF4B-00C04F79EFBC}") = "VividOrange.IProfiles", "Profiles\IProfiles\VividOrange.IProfiles.csproj", "{FAEEDD54-1664-8F81-1CE3-A7373A0A3769}"
EndProject
Project("{FAE04EC0-301F-11D3-BF4B-00C04F79EFBC}") = "VividOrange.Profiles.Perimeter", "Profiles\Perimeter\VividOrange.Profiles.Perimeter.csproj", "{32320665-F8FE-60C3-43D7-A07E93AC03B7}"
EndProject
Project("{FAE04EC0-301F-11D3-BF4B-00C04F79EFBC}") = "VividOrange.Profiles", "Profiles\Profiles\VividOrange.Profiles.csproj", "{166947F4-9B4B-3D25-B358-018097C85A29}"
EndProject
Project("{FAE04EC0-301F-11D3-BF4B-00C04F79EFBC}") = "VividOrange.ISections", "Sections\ISections\VividOrange.ISections.csproj", "{197828D8-7E86-77E8-3848-2B5F2C253546}"
EndProject
Project("{FAE04EC0-301F-11D3-BF4B-00C04F79EFBC}") = "VividOrange.Sections", "Sections\Sections\VividOrange.Sections.csproj", "{D9040D45-590B-AB81-17A6-51E36BFDD443}"
EndProject
Project("{FAE04EC0-301F-11D3-BF4B-00C04F79EFBC}") = "VividOrange.ISerialization", "Serialization\ISerialization\VividOrange.ISerialization.csproj", "{86DB8A66-D31A-107E-F62F-04F8FA68C482}"
EndProject
Project("{FAE04EC0-301F-11D3-BF4B-00C04F79EFBC}") = "VividOrange.Serialization", "Serialization\Serialization\VividOrange.Serialization.csproj", "{41BB82F2-D9C3-3493-D5E7-B276E9B14BA6}"
EndProject
Project("{FAE04EC0-301F-11D3-BF4B-00C04F79EFBC}") = "VividOrange.IStages", "Stages\IStages\VividOrange.IStages.csproj", "{01A6AAB8-5605-071B-BC48-7CD3D0672958}"
EndProject
Project("{FAE04EC0-301F-11D3-BF4B-00C04F79EFBC}") = "VividOrange.Stages", "Stages\Stages\VividOrange.Stages.csproj", "{EC41A7CF-A1F4-3A20-DFB5-D6D943C2DAB2}"
EndProject
Project("{FAE04EC0-301F-11D3-BF4B-00C04F79EFBC}") = "VividOrange.IStandards", "Standards\IStandards\VividOrange.IStandards.csproj", "{5DE59352-FCD5-4469-355D-8ACFE798BBA3}"
EndProject
Project("{FAE04EC0-301F-11D3-BF4B-00C04F79EFBC}") = "VividOrange.Standards", "Standards\Standards\VividOrange.Standards.csproj", "{705A28B5-E87E-CD6E-B054-3ABEFDC83114}"
EndProject
Global
	GlobalSection(SolutionConfigurationPlatforms) = preSolution
		Debug|Any CPU = Debug|Any CPU
		Release|Any CPU = Release|Any CPU
	EndGlobalSection
	GlobalSection(ProjectConfigurationPlatforms) = postSolution
		{86D261B4-B15C-4F44-B655-CE127B7CC3C0}.Debug|Any CPU.ActiveCfg = Debug|Any CPU
		{86D261B4-B15C-4F44-B655-CE127B7CC3C0}.Debug|Any CPU.Build.0 = Debug|Any CPU
		{86D261B4-B15C-4F44-B655-CE127B7CC3C0}.Release|Any CPU.ActiveCfg = Release|Any CPU
		{86D261B4-B15C-4F44-B655-CE127B7CC3C0}.Release|Any CPU.Build.0 = Release|Any CPU
		{8A80AC3E-0929-4BF9-A7EF-E2FD0DA72A86}.Debug|Any CPU.ActiveCfg = Debug|Any CPU
		{8A80AC3E-0929-4BF9-A7EF-E2FD0DA72A86}.Debug|Any CPU.Build.0 = Debug|Any CPU
		{8A80AC3E-0929-4BF9-A7EF-E2FD0DA72A86}.Release|Any CPU.ActiveCfg = Release|Any CPU
		{8A80AC3E-0929-4BF9-A7EF-E2FD0DA72A86}.Release|Any CPU.Build.0 = Release|Any CPU
		{C34E02ED-A859-4C3E-AE58-65CE9E7A74F3}.Debug|Any CPU.ActiveCfg = Debug|Any CPU
		{C34E02ED-A859-4C3E-AE58-65CE9E7A74F3}.Debug|Any CPU.Build.0 = Debug|Any CPU
		{C34E02ED-A859-4C3E-AE58-65CE9E7A74F3}.Release|Any CPU.ActiveCfg = Release|Any CPU
		{C34E02ED-A859-4C3E-AE58-65CE9E7A74F3}.Release|Any CPU.Build.0 = Release|Any CPU
		{9AC636D1-1C22-4F39-8605-5BEC53807F25}.Debug|Any CPU.ActiveCfg = Debug|Any CPU
		{9AC636D1-1C22-4F39-8605-5BEC53807F25}.Debug|Any CPU.Build.0 = Debug|Any CPU
		{9AC636D1-1C22-4F39-8605-5BEC53807F25}.Release|Any CPU.ActiveCfg = Release|Any CPU
		{9AC636D1-1C22-4F39-8605-5BEC53807F25}.Release|Any CPU.Build.0 = Release|Any CPU
		{F308F504-E1AD-42CA-ACA4-9BDEC3FF3106}.Debug|Any CPU.ActiveCfg = Debug|Any CPU
		{F308F504-E1AD-42CA-ACA4-9BDEC3FF3106}.Debug|Any CPU.Build.0 = Debug|Any CPU
		{F308F504-E1AD-42CA-ACA4-9BDEC3FF3106}.Release|Any CPU.ActiveCfg = Release|Any CPU
		{F308F504-E1AD-42CA-ACA4-9BDEC3FF3106}.Release|Any CPU.Build.0 = Release|Any CPU
		{36737F9F-F975-454C-BA8F-3854514C324A}.Debug|Any CPU.ActiveCfg = Debug|Any CPU
		{36737F9F-F975-454C-BA8F-3854514C324A}.Debug|Any CPU.Build.0 = Debug|Any CPU
		{36737F9F-F975-454C-BA8F-3854514C324A}.Release|Any CPU.ActiveCfg = Release|Any CPU
		{36737F9F-F975-454C-BA8F-3854514C324A}.Release|Any CPU.Build.0 = Release|Any CPU
		{AB60261A-3E89-4B5C-B8A4-B255CD364090}.Debug|Any CPU.ActiveCfg = Debug|Any CPU
		{AB60261A-3E89-4B5C-B8A4-B255CD364090}.Debug|Any CPU.Build.0 = Debug|Any CPU
		{AB60261A-3E89-4B5C-B8A4-B255CD364090}.Release|Any CPU.ActiveCfg = Release|Any CPU
		{AB60261A-3E89-4B5C-B8A4-B255CD364090}.Release|Any CPU.Build.0 = Release|Any CPU
		{1091E92F-A6F3-4B4F-939D-F2377B5D243D}.Debug|Any CPU.ActiveCfg = Debug|Any CPU
		{1091E92F-A6F3-4B4F-939D-F2377B5D243D}.Debug|Any CPU.Build.0 = Debug|Any CPU
		{1091E92F-A6F3-4B4F-939D-F2377B5D243D}.Release|Any CPU.ActiveCfg = Release|Any CPU
		{1091E92F-A6F3-4B4F-939D-F2377B5D243D}.Release|Any CPU.Build.0 = Release|Any CPU
		{D9EF311B-6C73-4EA3-9F87-63D660C24CEE}.Debug|Any CPU.ActiveCfg = Debug|Any CPU
		{D9EF311B-6C73-4EA3-9F87-63D660C24CEE}.Debug|Any CPU.Build.0 = Debug|Any CPU
		{D9EF311B-6C73-4EA3-9F87-63D660C24CEE}.Release|Any CPU.ActiveCfg = Release|Any CPU
		{D9EF311B-6C73-4EA3-9F87-63D660C24CEE}.Release|Any CPU.Build.0 = Release|Any CPU
		{4BCB36B2-758E-7305-02BA-3B31811E30F5}.Debug|Any CPU.ActiveCfg = Debug|Any CPU
		{4BCB36B2-758E-7305-02BA-3B31811E30F5}.Debug|Any CPU.Build.0 = Debug|Any CPU
		{4BCB36B2-758E-7305-02BA-3B31811E30F5}.Release|Any CPU.ActiveCfg = Release|Any CPU
		{4BCB36B2-758E-7305-02BA-3B31811E30F5}.Release|Any CPU.Build.0 = Release|Any CPU
		{BF35F105-DA32-09AE-6F91-33467C762A64}.Debug|Any CPU.ActiveCfg = Debug|Any CPU
		{BF35F105-DA32-09AE-6F91-33467C762A64}.Debug|Any CPU.Build.0 = Debug|Any CPU
		{BF35F105-DA32-09AE-6F91-33467C762A64}.Release|Any CPU.ActiveCfg = Release|Any CPU
		{BF35F105-DA32-09AE-6F91-33467C762A64}.Release|Any CPU.Build.0 = Release|Any CPU
		{B553CB5C-8C6D-9ACB-2395-6B5DF2366DA5}.Debug|Any CPU.ActiveCfg = Debug|Any CPU
		{B553CB5C-8C6D-9ACB-2395-6B5DF2366DA5}.Debug|Any CPU.Build.0 = Debug|Any CPU
		{B553CB5C-8C6D-9ACB-2395-6B5DF2366DA5}.Release|Any CPU.ActiveCfg = Release|Any CPU
		{B553CB5C-8C6D-9ACB-2395-6B5DF2366DA5}.Release|Any CPU.Build.0 = Release|Any CPU
		{D5A3B1A5-E2DE-A493-E58A-6D502C192BD9}.Debug|Any CPU.ActiveCfg = Debug|Any CPU
		{D5A3B1A5-E2DE-A493-E58A-6D502C192BD9}.Debug|Any CPU.Build.0 = Debug|Any CPU
		{D5A3B1A5-E2DE-A493-E58A-6D502C192BD9}.Release|Any CPU.ActiveCfg = Release|Any CPU
		{D5A3B1A5-E2DE-A493-E58A-6D502C192BD9}.Release|Any CPU.Build.0 = Release|Any CPU
		{68580F1A-CFD7-7903-84DF-29B0D411D45D}.Debug|Any CPU.ActiveCfg = Debug|Any CPU
		{68580F1A-CFD7-7903-84DF-29B0D411D45D}.Debug|Any CPU.Build.0 = Debug|Any CPU
		{68580F1A-CFD7-7903-84DF-29B0D411D45D}.Release|Any CPU.ActiveCfg = Release|Any CPU
		{68580F1A-CFD7-7903-84DF-29B0D411D45D}.Release|Any CPU.Build.0 = Release|Any CPU
		{B4FC4BB6-A561-FEC0-B728-5DADA9291FC5}.Debug|Any CPU.ActiveCfg = Debug|Any CPU
		{B4FC4BB6-A561-FEC0-B728-5DADA9291FC5}.Debug|Any CPU.Build.0 = Debug|Any CPU
		{B4FC4BB6-A561-FEC0-B728-5DADA9291FC5}.Release|Any CPU.ActiveCfg = Release|Any CPU
		{B4FC4BB6-A561-FEC0-B728-5DADA9291FC5}.Release|Any CPU.Build.0 = Release|Any CPU
		{509FBEF0-7091-2337-2499-0B1EA2E9E8BA}.Debug|Any CPU.ActiveCfg = Debug|Any CPU
		{509FBEF0-7091-2337-2499-0B1EA2E9E8BA}.Debug|Any CPU.Build.0 = Debug|Any CPU
		{509FBEF0-7091-2337-2499-0B1EA2E9E8BA}.Release|Any CPU.ActiveCfg = Release|Any CPU
		{509FBEF0-7091-2337-2499-0B1EA2E9E8BA}.Release|Any CPU.Build.0 = Release|Any CPU
		{1B1FDE39-ECD6-71DE-DA24-037F67657AE2}.Debug|Any CPU.ActiveCfg = Debug|Any CPU
		{1B1FDE39-ECD6-71DE-DA24-037F67657AE2}.Debug|Any CPU.Build.0 = Debug|Any CPU
		{1B1FDE39-ECD6-71DE-DA24-037F67657AE2}.Release|Any CPU.ActiveCfg = Release|Any CPU
		{1B1FDE39-ECD6-71DE-DA24-037F67657AE2}.Release|Any CPU.Build.0 = Release|Any CPU
		{FAEEDD54-1664-8F81-1CE3-A7373A0A3769}.Debug|Any CPU.ActiveCfg = Debug|Any CPU
		{FAEEDD54-1664-8F81-1CE3-A7373A0A3769}.Debug|Any CPU.Build.0 = Debug|Any CPU
		{FAEEDD54-1664-8F81-1CE3-A7373A0A3769}.Release|Any CPU.ActiveCfg = Release|Any CPU
		{FAEEDD54-1664-8F81-1CE3-A7373A0A3769}.Release|Any CPU.Build.0 = Release|Any CPU
		{32320665-F8FE-60C3-43D7-A07E93AC03B7}.Debug|Any CPU.ActiveCfg = Debug|Any CPU
		{32320665-F8FE-60C3-43D7-A07E93AC03B7}.Debug|Any CPU.Build.0 = Debug|Any CPU
		{32320665-F8FE-60C3-43D7-A07E93AC03B7}.Release|Any CPU.ActiveCfg = Release|Any CPU
		{32320665-F8FE-60C3-43D7-A07E93AC03B7}.Release|Any CPU.Build.0 = Release|Any CPU
		{166947F4-9B4B-3D25-B358-018097C85A29}.Debug|Any CPU.ActiveCfg = Debug|Any CPU
		{166947F4-9B4B-3D25-B358-018097C85A29}.Debug|Any CPU.Build.0 = Debug|Any CPU
		{166947F4-9B4B-3D25-B358-018097C85A29}.Release|Any CPU.ActiveCfg = Release|Any CPU
		{166947F4-9B4B-3D25-B358-018097C85A29}.Release|Any CPU.Build.0 = Release|Any CPU
		{197828D8-7E86-77E8-3848-2B5F2C253546}.Debug|Any CPU.ActiveCfg = Debug|Any CPU
		{197828D8-7E86-77E8-3848-2B5F2C253546}.Debug|Any CPU.Build.0 = Debug|Any CPU
		{197828D8-7E86-77E8-3848-2B5F2C253546}.Release|Any CPU.ActiveCfg = Release|Any CPU
		{197828D8-7E86-77E8-3848-2B5F2C253546}.Release|Any CPU.Build.0 = Release|Any CPU
		{D9040D45-590B-AB81-17A6-51E36BFDD443}.Debug|Any CPU.ActiveCfg = Debug|Any CPU
		{D9040D45-590B-AB81-17A6-51E36BFDD443}.Debug|Any CPU.Build.0 = Debug|Any CPU
		{D9040D45-590B-AB81-17A6-51E36BFDD443}.Release|Any CPU.ActiveCfg = Release|Any CPU
		{D9040D45-590B-AB81-17A6-51E36BFDD443}.Release|Any CPU.Build.0 = Release|Any CPU
		{86DB8A66-D31A-107E-F62F-04F8FA68C482}.Debug|Any CPU.ActiveCfg = Debug|Any CPU
		{86DB8A66-D31A-107E-F62F-04F8FA68C482}.Debug|Any CPU.Build.0 = Debug|Any CPU
		{86DB8A66-D31A-107E-F62F-04F8FA68C482}.Release|Any CPU.ActiveCfg = Release|Any CPU
		{86DB8A66-D31A-107E-F62F-04F8FA68C482}.Release|Any CPU.Build.0 = Release|Any CPU
		{41BB82F2-D9C3-3493-D5E7-B276E9B14BA6}.Debug|Any CPU.ActiveCfg = Debug|Any CPU
		{41BB82F2-D9C3-3493-D5E7-B276E9B14BA6}.Debug|Any CPU.Build.0 = Debug|Any CPU
		{41BB82F2-D9C3-3493-D5E7-B276E9B14BA6}.Release|Any CPU.ActiveCfg = Release|Any CPU
		{41BB82F2-D9C3-3493-D5E7-B276E9B14BA6}.Release|Any CPU.Build.0 = Release|Any CPU
		{01A6AAB8-5605-071B-BC48-7CD3D0672958}.Debug|Any CPU.ActiveCfg = Debug|Any CPU
		{01A6AAB8-5605-071B-BC48-7CD3D0672958}.Debug|Any CPU.Build.0 = Debug|Any CPU
		{01A6AAB8-5605-071B-BC48-7CD3D0672958}.Release|Any CPU.ActiveCfg = Release|Any CPU
		{01A6AAB8-5605-071B-BC48-7CD3D0672958}.Release|Any CPU.Build.0 = Release|Any CPU
		{EC41A7CF-A1F4-3A20-DFB5-D6D943C2DAB2}.Debug|Any CPU.ActiveCfg = Debug|Any CPU
		{EC41A7CF-A1F4-3A20-DFB5-D6D943C2DAB2}.Debug|Any CPU.Build.0 = Debug|Any CPU
		{EC41A7CF-A1F4-3A20-DFB5-D6D943C2DAB2}.Release|Any CPU.ActiveCfg = Release|Any CPU
		{EC41A7CF-A1F4-3A20-DFB5-D6D943C2DAB2}.Release|Any CPU.Build.0 = Release|Any CPU
		{5DE59352-FCD5-4469-355D-8ACFE798BBA3}.Debug|Any CPU.ActiveCfg = Debug|Any CPU
		{5DE59352-FCD5-4469-355D-8ACFE798BBA3}.Debug|Any CPU.Build.0 = Debug|Any CPU
		{5DE59352-FCD5-4469-355D-8ACFE798BBA3}.Release|Any CPU.ActiveCfg = Release|Any CPU
		{5DE59352-FCD5-4469-355D-8ACFE798BBA3}.Release|Any CPU.Build.0 = Release|Any CPU
		{705A28B5-E87E-CD6E-B054-3ABEFDC83114}.Debug|Any CPU.ActiveCfg = Debug|Any CPU
		{705A28B5-E87E-CD6E-B054-3ABEFDC83114}.Debug|Any CPU.Build.0 = Debug|Any CPU
		{705A28B5-E87E-CD6E-B054-3ABEFDC83114}.Release|Any CPU.ActiveCfg = Release|Any CPU
		{705A28B5-E87E-CD6E-B054-3ABEFDC83114}.Release|Any CPU.Build.0 = Release|Any CPU
	EndGlobalSection
	GlobalSection(SolutionProperties) = preSolution
		HideSolutionNode = FALSE
	EndGlobalSection
	GlobalSection(NestedProjects) = preSolution
		{86D261B4-B15C-4F44-B655-CE127B7CC3C0} = {E72A2D9E-E13F-4107-84B3-AC9509A7CD4F}
		{8A80AC3E-0929-4BF9-A7EF-E2FD0DA72A86} = {04BC1F3C-2D3D-4C8B-9273-4E535E6D23D4}
		{C34E02ED-A859-4C3E-AE58-65CE9E7A74F3} = {708B3E31-DA6C-4788-A289-69299F3D932C}
		{9AC636D1-1C22-4F39-8605-5BEC53807F25} = {04BC1F3C-2D3D-4C8B-9273-4E535E6D23D4}
		{F308F504-E1AD-42CA-ACA4-9BDEC3FF3106} = {E72A2D9E-E13F-4107-84B3-AC9509A7CD4F}
		{36737F9F-F975-454C-BA8F-3854514C324A} = {865990BE-4B50-49AC-8BEE-254E799070BC}
		{AB60261A-3E89-4B5C-B8A4-B255CD364090} = {6F8C841C-0951-4088-9A87-AE1B669D5CE8}
		{1091E92F-A6F3-4B4F-939D-F2377B5D243D} = {69DBCCB8-FF7F-42B8-952C-8D4F09B0C4C4}
		{D9EF311B-6C73-4EA3-9F87-63D660C24CEE} = {41A2BC38-4EBB-4B17-A305-46BEEB81FE1C}
		{4BCB36B2-758E-7305-02BA-3B31811E30F5} = {04BC1F3C-2D3D-4C8B-9273-4E535E6D23D4}
		{BF35F105-DA32-09AE-6F91-33467C762A64} = {41A2BC38-4EBB-4B17-A305-46BEEB81FE1C}
		{B553CB5C-8C6D-9ACB-2395-6B5DF2366DA5} = {41A2BC38-4EBB-4B17-A305-46BEEB81FE1C}
		{D5A3B1A5-E2DE-A493-E58A-6D502C192BD9} = {41A2BC38-4EBB-4B17-A305-46BEEB81FE1C}
		{68580F1A-CFD7-7903-84DF-29B0D411D45D} = {41A2BC38-4EBB-4B17-A305-46BEEB81FE1C}
		{B4FC4BB6-A561-FEC0-B728-5DADA9291FC5} = {6F8C841C-0951-4088-9A87-AE1B669D5CE8}
		{509FBEF0-7091-2337-2499-0B1EA2E9E8BA} = {6F8C841C-0951-4088-9A87-AE1B669D5CE8}
		{1B1FDE39-ECD6-71DE-DA24-037F67657AE2} = {E72A2D9E-E13F-4107-84B3-AC9509A7CD4F}
		{FAEEDD54-1664-8F81-1CE3-A7373A0A3769} = {E72A2D9E-E13F-4107-84B3-AC9509A7CD4F}
		{32320665-F8FE-60C3-43D7-A07E93AC03B7} = {E72A2D9E-E13F-4107-84B3-AC9509A7CD4F}
		{166947F4-9B4B-3D25-B358-018097C85A29} = {E72A2D9E-E13F-4107-84B3-AC9509A7CD4F}
		{197828D8-7E86-77E8-3848-2B5F2C253546} = {69DBCCB8-FF7F-42B8-952C-8D4F09B0C4C4}
		{D9040D45-590B-AB81-17A6-51E36BFDD443} = {69DBCCB8-FF7F-42B8-952C-8D4F09B0C4C4}
		{86DB8A66-D31A-107E-F62F-04F8FA68C482} = {6F979E7E-D8EE-4CFD-A0AB-54BA8A9EBE5A}
		{41BB82F2-D9C3-3493-D5E7-B276E9B14BA6} = {6F979E7E-D8EE-4CFD-A0AB-54BA8A9EBE5A}
		{01A6AAB8-5605-071B-BC48-7CD3D0672958} = {708B3E31-DA6C-4788-A289-69299F3D932C}
		{EC41A7CF-A1F4-3A20-DFB5-D6D943C2DAB2} = {708B3E31-DA6C-4788-A289-69299F3D932C}
		{5DE59352-FCD5-4469-355D-8ACFE798BBA3} = {865990BE-4B50-49AC-8BEE-254E799070BC}
		{705A28B5-E87E-CD6E-B054-3ABEFDC83114} = {865990BE-4B50-49AC-8BEE-254E799070BC}
	EndGlobalSection
	GlobalSection(ExtensibilityGlobals) = postSolution
		SolutionGuid = {037E8DD3-6CB9-4A55-BB67-CD24D471F05A}
	EndGlobalSection
EndGlobal
